
Microsoft Visual Studio Solution File, Format Version 12.00
# Visual Studio Version 17
VisualStudioVersion = 17.11.35312.102
MinimumVisualStudioVersion = 10.0.40219.1
Project("{FAE04EC0-301F-11D3-BF4B-00C04F79EFBC}") = "Dependencyinjection.cs", "Dependencyinjection.cs\Dependencyinjection.cs.csproj", "{3308BC7A-1675-49CA-8C73-27CB8DE2065A}"
EndProject
Global
	GlobalSection(SolutionConfigurationPlatforms) = preSolution
		Debug|Any CPU = Debug|Any CPU
		Release|Any CPU = Release|Any CPU
	EndGlobalSection
	GlobalSection(ProjectConfigurationPlatforms) = postSolution
		{3308BC7A-1675-49CA-8C73-27CB8DE2065A}.Debug|Any CPU.ActiveCfg = Debug|Any CPU
		{3308BC7A-1675-49CA-8C73-27CB8DE2065A}.Debug|Any CPU.Build.0 = Debug|Any CPU
		{3308BC7A-1675-49CA-8C73-27CB8DE2065A}.Release|Any CPU.ActiveCfg = Release|Any CPU
		{3308BC7A-1675-49CA-8C73-27CB8DE2065A}.Release|Any CPU.Build.0 = Release|Any CPU
	EndGlobalSection
	GlobalSection(SolutionProperties) = preSolution
		HideSolutionNode = FALSE
	EndGlobalSection
	GlobalSection(ExtensibilityGlobals) = postSolution
		SolutionGuid = {BD5422F5-B8B9-46DD-8FF4-5DF5BF7DC9C1}
	EndGlobalSection
EndGlobal
